// !$*UTF8*$!
{
	archiveVersion = 1;
	classes = {
	};
	objectVersion = 50;
	objects = {

/* Begin PBXBuildFile section */
		05952D1F25058D7A00507C97 /* Day.m in Sources */ = {isa = PBXBuildFile; fileRef = 05952D1E25058D7A00507C97 /* Day.m */; };
		05B3922424FFF43900ECEC97 /* City.m in Sources */ = {isa = PBXBuildFile; fileRef = 05B3922324FFF43900ECEC97 /* City.m */; };
		05B3A2CF24F84E7200016A78 /* AppDelegate.m in Sources */ = {isa = PBXBuildFile; fileRef = 05B3A2CE24F84E7200016A78 /* AppDelegate.m */; };
		05B3A2D224F84E7200016A78 /* SceneDelegate.m in Sources */ = {isa = PBXBuildFile; fileRef = 05B3A2D124F84E7200016A78 /* SceneDelegate.m */; };
		05B3A2D824F84E7200016A78 /* Main.storyboard in Resources */ = {isa = PBXBuildFile; fileRef = 05B3A2D624F84E7200016A78 /* Main.storyboard */; };
		05B3A2DA24F84E7400016A78 /* Assets.xcassets in Resources */ = {isa = PBXBuildFile; fileRef = 05B3A2D924F84E7400016A78 /* Assets.xcassets */; };
		05B3A2DD24F84E7400016A78 /* LaunchScreen.storyboard in Resources */ = {isa = PBXBuildFile; fileRef = 05B3A2DB24F84E7400016A78 /* LaunchScreen.storyboard */; };
		05B3A2E024F84E7400016A78 /* main.m in Sources */ = {isa = PBXBuildFile; fileRef = 05B3A2DF24F84E7400016A78 /* main.m */; };
		05B3A2EA24F84E7400016A78 /* lab1_weatherTests.m in Sources */ = {isa = PBXBuildFile; fileRef = 05B3A2E924F84E7400016A78 /* lab1_weatherTests.m */; };
		05B3A2F524F84E7400016A78 /* lab1_weatherUITests.m in Sources */ = {isa = PBXBuildFile; fileRef = 05B3A2F424F84E7400016A78 /* lab1_weatherUITests.m */; };
		345AD3612509756E00C68355 /* ModalViewController.swift in Sources */ = {isa = PBXBuildFile; fileRef = 345AD3602509756E00C68355 /* ModalViewController.swift */; };
		345AD36325097D2D00C68355 /* WeatherCollectionController.swift in Sources */ = {isa = PBXBuildFile; fileRef = 345AD36225097D2D00C68355 /* WeatherCollectionController.swift */; };
		459C944F2509A109009000F9 /* CustomTableViewCell.swift in Sources */ = {isa = PBXBuildFile; fileRef = 459C944E2509A109009000F9 /* CustomTableViewCell.swift */; };
		45A38DB324FDF20A00DEE52A /* WeatherTableViewController.swift in Sources */ = {isa = PBXBuildFile; fileRef = 45A38DB224FDF20A00DEE52A /* WeatherTableViewController.swift */; };
		45A38DB824FDFBDE00DEE52A /* WeatherAPI.m in Sources */ = {isa = PBXBuildFile; fileRef = 45A38DB724FDFBDE00DEE52A /* WeatherAPI.m */; };
/* End PBXBuildFile section */

/* Begin PBXContainerItemProxy section */
		05B3A2E624F84E7400016A78 /* PBXContainerItemProxy */ = {
			isa = PBXContainerItemProxy;
			containerPortal = 05B3A2C224F84E7200016A78 /* Project object */;
			proxyType = 1;
			remoteGlobalIDString = 05B3A2C924F84E7200016A78;
			remoteInfo = lab1_weather;
		};
		05B3A2F124F84E7400016A78 /* PBXContainerItemProxy */ = {
			isa = PBXContainerItemProxy;
			containerPortal = 05B3A2C224F84E7200016A78 /* Project object */;
			proxyType = 1;
			remoteGlobalIDString = 05B3A2C924F84E7200016A78;
			remoteInfo = lab1_weather;
		};
/* End PBXContainerItemProxy section */

/* Begin PBXFileReference section */
		05952D1D25058D7A00507C97 /* Day.h */ = {isa = PBXFileReference; lastKnownFileType = sourcecode.c.h; path = Day.h; sourceTree = "<group>"; };
		05952D1E25058D7A00507C97 /* Day.m */ = {isa = PBXFileReference; lastKnownFileType = sourcecode.c.objc; path = Day.m; sourceTree = "<group>"; };
		05B3922224FFF43900ECEC97 /* City.h */ = {isa = PBXFileReference; lastKnownFileType = sourcecode.c.h; path = City.h; sourceTree = "<group>"; };
		05B3922324FFF43900ECEC97 /* City.m */ = {isa = PBXFileReference; lastKnownFileType = sourcecode.c.objc; path = City.m; sourceTree = "<group>"; };
		05B3A2CA24F84E7200016A78 /* lab1_weather.app */ = {isa = PBXFileReference; explicitFileType = wrapper.application; includeInIndex = 0; path = lab1_weather.app; sourceTree = BUILT_PRODUCTS_DIR; };
		05B3A2CD24F84E7200016A78 /* AppDelegate.h */ = {isa = PBXFileReference; lastKnownFileType = sourcecode.c.h; path = AppDelegate.h; sourceTree = "<group>"; };
		05B3A2CE24F84E7200016A78 /* AppDelegate.m */ = {isa = PBXFileReference; lastKnownFileType = sourcecode.c.objc; path = AppDelegate.m; sourceTree = "<group>"; };
		05B3A2D024F84E7200016A78 /* SceneDelegate.h */ = {isa = PBXFileReference; lastKnownFileType = sourcecode.c.h; path = SceneDelegate.h; sourceTree = "<group>"; };
		05B3A2D124F84E7200016A78 /* SceneDelegate.m */ = {isa = PBXFileReference; lastKnownFileType = sourcecode.c.objc; path = SceneDelegate.m; sourceTree = "<group>"; };
		05B3A2D724F84E7200016A78 /* Base */ = {isa = PBXFileReference; lastKnownFileType = file.storyboard; name = Base; path = Base.lproj/Main.storyboard; sourceTree = "<group>"; };
		05B3A2D924F84E7400016A78 /* Assets.xcassets */ = {isa = PBXFileReference; lastKnownFileType = folder.assetcatalog; path = Assets.xcassets; sourceTree = "<group>"; };
		05B3A2DC24F84E7400016A78 /* Base */ = {isa = PBXFileReference; lastKnownFileType = file.storyboard; name = Base; path = Base.lproj/LaunchScreen.storyboard; sourceTree = "<group>"; };
		05B3A2DE24F84E7400016A78 /* Info.plist */ = {isa = PBXFileReference; lastKnownFileType = text.plist.xml; path = Info.plist; sourceTree = "<group>"; };
		05B3A2DF24F84E7400016A78 /* main.m */ = {isa = PBXFileReference; lastKnownFileType = sourcecode.c.objc; path = main.m; sourceTree = "<group>"; };
		05B3A2E524F84E7400016A78 /* lab1_weatherTests.xctest */ = {isa = PBXFileReference; explicitFileType = wrapper.cfbundle; includeInIndex = 0; path = lab1_weatherTests.xctest; sourceTree = BUILT_PRODUCTS_DIR; };
		05B3A2E924F84E7400016A78 /* lab1_weatherTests.m */ = {isa = PBXFileReference; lastKnownFileType = sourcecode.c.objc; path = lab1_weatherTests.m; sourceTree = "<group>"; };
		05B3A2EB24F84E7400016A78 /* Info.plist */ = {isa = PBXFileReference; lastKnownFileType = text.plist.xml; path = Info.plist; sourceTree = "<group>"; };
		05B3A2F024F84E7400016A78 /* lab1_weatherUITests.xctest */ = {isa = PBXFileReference; explicitFileType = wrapper.cfbundle; includeInIndex = 0; path = lab1_weatherUITests.xctest; sourceTree = BUILT_PRODUCTS_DIR; };
		05B3A2F424F84E7400016A78 /* lab1_weatherUITests.m */ = {isa = PBXFileReference; lastKnownFileType = sourcecode.c.objc; path = lab1_weatherUITests.m; sourceTree = "<group>"; };
		05B3A2F624F84E7400016A78 /* Info.plist */ = {isa = PBXFileReference; lastKnownFileType = text.plist.xml; path = Info.plist; sourceTree = "<group>"; };
		345AD3602509756E00C68355 /* ModalViewController.swift */ = {isa = PBXFileReference; lastKnownFileType = sourcecode.swift; path = ModalViewController.swift; sourceTree = "<group>"; };
		345AD36225097D2D00C68355 /* WeatherCollectionController.swift */ = {isa = PBXFileReference; lastKnownFileType = sourcecode.swift; path = WeatherCollectionController.swift; sourceTree = "<group>"; };
		459C944E2509A109009000F9 /* CustomTableViewCell.swift */ = {isa = PBXFileReference; lastKnownFileType = sourcecode.swift; path = CustomTableViewCell.swift; sourceTree = "<group>"; };
		45A38DB124FDF20900DEE52A /* lab1_weather-Bridging-Header.h */ = {isa = PBXFileReference; lastKnownFileType = sourcecode.c.h; path = "lab1_weather-Bridging-Header.h"; sourceTree = "<group>"; };
		45A38DB224FDF20A00DEE52A /* WeatherTableViewController.swift */ = {isa = PBXFileReference; lastKnownFileType = sourcecode.swift; path = WeatherTableViewController.swift; sourceTree = "<group>"; };
		45A38DB624FDFBDE00DEE52A /* WeatherAPI.h */ = {isa = PBXFileReference; lastKnownFileType = sourcecode.c.h; path = WeatherAPI.h; sourceTree = "<group>"; };
		45A38DB724FDFBDE00DEE52A /* WeatherAPI.m */ = {isa = PBXFileReference; lastKnownFileType = sourcecode.c.objc; path = WeatherAPI.m; sourceTree = "<group>"; };
/* End PBXFileReference section */

/* Begin PBXFrameworksBuildPhase section */
		05B3A2C724F84E7200016A78 /* Frameworks */ = {
			isa = PBXFrameworksBuildPhase;
			buildActionMask = 2147483647;
			files = (
			);
			runOnlyForDeploymentPostprocessing = 0;
		};
		05B3A2E224F84E7400016A78 /* Frameworks */ = {
			isa = PBXFrameworksBuildPhase;
			buildActionMask = 2147483647;
			files = (
			);
			runOnlyForDeploymentPostprocessing = 0;
		};
		05B3A2ED24F84E7400016A78 /* Frameworks */ = {
			isa = PBXFrameworksBuildPhase;
			buildActionMask = 2147483647;
			files = (
			);
			runOnlyForDeploymentPostprocessing = 0;
		};
/* End PBXFrameworksBuildPhase section */

/* Begin PBXGroup section */
		05B3A2C124F84E7200016A78 = {
			isa = PBXGroup;
			children = (
				05B3A2CC24F84E7200016A78 /* lab1_weather */,
				05B3A2E824F84E7400016A78 /* lab1_weatherTests */,
				05B3A2F324F84E7400016A78 /* lab1_weatherUITests */,
				05B3A2CB24F84E7200016A78 /* Products */,
			);
			sourceTree = "<group>";
		};
		05B3A2CB24F84E7200016A78 /* Products */ = {
			isa = PBXGroup;
			children = (
				05B3A2CA24F84E7200016A78 /* lab1_weather.app */,
				05B3A2E524F84E7400016A78 /* lab1_weatherTests.xctest */,
				05B3A2F024F84E7400016A78 /* lab1_weatherUITests.xctest */,
			);
			name = Products;
			sourceTree = "<group>";
		};
		05B3A2CC24F84E7200016A78 /* lab1_weather */ = {
			isa = PBXGroup;
			children = (
				05B3A2CD24F84E7200016A78 /* AppDelegate.h */,
				05B3A2CE24F84E7200016A78 /* AppDelegate.m */,
				05B3A2D024F84E7200016A78 /* SceneDelegate.h */,
				345AD3602509756E00C68355 /* ModalViewController.swift */,
				05B3A2D124F84E7200016A78 /* SceneDelegate.m */,
				05B3A2D624F84E7200016A78 /* Main.storyboard */,
				05B3A2D924F84E7400016A78 /* Assets.xcassets */,
				345AD36225097D2D00C68355 /* WeatherCollectionController.swift */,
				05B3A2DB24F84E7400016A78 /* LaunchScreen.storyboard */,
				05B3A2DE24F84E7400016A78 /* Info.plist */,
				05B3A2DF24F84E7400016A78 /* main.m */,
				45A38DB224FDF20A00DEE52A /* WeatherTableViewController.swift */,
				45A38DB124FDF20900DEE52A /* lab1_weather-Bridging-Header.h */,
				45A38DB624FDFBDE00DEE52A /* WeatherAPI.h */,
				45A38DB724FDFBDE00DEE52A /* WeatherAPI.m */,
				05B3922224FFF43900ECEC97 /* City.h */,
				05B3922324FFF43900ECEC97 /* City.m */,
				05952D1D25058D7A00507C97 /* Day.h */,
				05952D1E25058D7A00507C97 /* Day.m */,
				459C944E2509A109009000F9 /* CustomTableViewCell.swift */,
			);
			path = lab1_weather;
			sourceTree = "<group>";
		};
		05B3A2E824F84E7400016A78 /* lab1_weatherTests */ = {
			isa = PBXGroup;
			children = (
				05B3A2E924F84E7400016A78 /* lab1_weatherTests.m */,
				05B3A2EB24F84E7400016A78 /* Info.plist */,
			);
			path = lab1_weatherTests;
			sourceTree = "<group>";
		};
		05B3A2F324F84E7400016A78 /* lab1_weatherUITests */ = {
			isa = PBXGroup;
			children = (
				05B3A2F424F84E7400016A78 /* lab1_weatherUITests.m */,
				05B3A2F624F84E7400016A78 /* Info.plist */,
			);
			path = lab1_weatherUITests;
			sourceTree = "<group>";
		};
/* End PBXGroup section */

/* Begin PBXNativeTarget section */
		05B3A2C924F84E7200016A78 /* lab1_weather */ = {
			isa = PBXNativeTarget;
			buildConfigurationList = 05B3A2F924F84E7400016A78 /* Build configuration list for PBXNativeTarget "lab1_weather" */;
			buildPhases = (
				05B3A2C624F84E7200016A78 /* Sources */,
				05B3A2C724F84E7200016A78 /* Frameworks */,
				05B3A2C824F84E7200016A78 /* Resources */,
			);
			buildRules = (
			);
			dependencies = (
			);
			name = lab1_weather;
			productName = lab1_weather;
			productReference = 05B3A2CA24F84E7200016A78 /* lab1_weather.app */;
			productType = "com.apple.product-type.application";
		};
		05B3A2E424F84E7400016A78 /* lab1_weatherTests */ = {
			isa = PBXNativeTarget;
			buildConfigurationList = 05B3A2FC24F84E7400016A78 /* Build configuration list for PBXNativeTarget "lab1_weatherTests" */;
			buildPhases = (
				05B3A2E124F84E7400016A78 /* Sources */,
				05B3A2E224F84E7400016A78 /* Frameworks */,
				05B3A2E324F84E7400016A78 /* Resources */,
			);
			buildRules = (
			);
			dependencies = (
				05B3A2E724F84E7400016A78 /* PBXTargetDependency */,
			);
			name = lab1_weatherTests;
			productName = lab1_weatherTests;
			productReference = 05B3A2E524F84E7400016A78 /* lab1_weatherTests.xctest */;
			productType = "com.apple.product-type.bundle.unit-test";
		};
		05B3A2EF24F84E7400016A78 /* lab1_weatherUITests */ = {
			isa = PBXNativeTarget;
			buildConfigurationList = 05B3A2FF24F84E7400016A78 /* Build configuration list for PBXNativeTarget "lab1_weatherUITests" */;
			buildPhases = (
				05B3A2EC24F84E7400016A78 /* Sources */,
				05B3A2ED24F84E7400016A78 /* Frameworks */,
				05B3A2EE24F84E7400016A78 /* Resources */,
			);
			buildRules = (
			);
			dependencies = (
				05B3A2F224F84E7400016A78 /* PBXTargetDependency */,
			);
			name = lab1_weatherUITests;
			productName = lab1_weatherUITests;
			productReference = 05B3A2F024F84E7400016A78 /* lab1_weatherUITests.xctest */;
			productType = "com.apple.product-type.bundle.ui-testing";
		};
/* End PBXNativeTarget section */

/* Begin PBXProject section */
		05B3A2C224F84E7200016A78 /* Project object */ = {
			isa = PBXProject;
			attributes = {
				LastUpgradeCheck = 1160;
				ORGANIZATIONNAME = "Mobile Sensing";
				TargetAttributes = {
					05B3A2C924F84E7200016A78 = {
						CreatedOnToolsVersion = 11.6;
						LastSwiftMigration = 1160;
					};
					05B3A2E424F84E7400016A78 = {
						CreatedOnToolsVersion = 11.6;
						TestTargetID = 05B3A2C924F84E7200016A78;
					};
					05B3A2EF24F84E7400016A78 = {
						CreatedOnToolsVersion = 11.6;
						TestTargetID = 05B3A2C924F84E7200016A78;
					};
				};
			};
			buildConfigurationList = 05B3A2C524F84E7200016A78 /* Build configuration list for PBXProject "lab1_weather" */;
			compatibilityVersion = "Xcode 9.3";
			developmentRegion = en;
			hasScannedForEncodings = 0;
			knownRegions = (
				en,
				Base,
			);
			mainGroup = 05B3A2C124F84E7200016A78;
			productRefGroup = 05B3A2CB24F84E7200016A78 /* Products */;
			projectDirPath = "";
			projectRoot = "";
			targets = (
				05B3A2C924F84E7200016A78 /* lab1_weather */,
				05B3A2E424F84E7400016A78 /* lab1_weatherTests */,
				05B3A2EF24F84E7400016A78 /* lab1_weatherUITests */,
			);
		};
/* End PBXProject section */

/* Begin PBXResourcesBuildPhase section */
		05B3A2C824F84E7200016A78 /* Resources */ = {
			isa = PBXResourcesBuildPhase;
			buildActionMask = 2147483647;
			files = (
				05B3A2DD24F84E7400016A78 /* LaunchScreen.storyboard in Resources */,
				05B3A2DA24F84E7400016A78 /* Assets.xcassets in Resources */,
				05B3A2D824F84E7200016A78 /* Main.storyboard in Resources */,
			);
			runOnlyForDeploymentPostprocessing = 0;
		};
		05B3A2E324F84E7400016A78 /* Resources */ = {
			isa = PBXResourcesBuildPhase;
			buildActionMask = 2147483647;
			files = (
			);
			runOnlyForDeploymentPostprocessing = 0;
		};
		05B3A2EE24F84E7400016A78 /* Resources */ = {
			isa = PBXResourcesBuildPhase;
			buildActionMask = 2147483647;
			files = (
			);
			runOnlyForDeploymentPostprocessing = 0;
		};
/* End PBXResourcesBuildPhase section */

/* Begin PBXSourcesBuildPhase section */
		05B3A2C624F84E7200016A78 /* Sources */ = {
			isa = PBXSourcesBuildPhase;
			buildActionMask = 2147483647;
			files = (
				05952D1F25058D7A00507C97 /* Day.m in Sources */,
				345AD36325097D2D00C68355 /* WeatherCollectionController.swift in Sources */,
				45A38DB824FDFBDE00DEE52A /* WeatherAPI.m in Sources */,
				45A38DB324FDF20A00DEE52A /* WeatherTableViewController.swift in Sources */,
				05B3922424FFF43900ECEC97 /* City.m in Sources */,
				05B3A2CF24F84E7200016A78 /* AppDelegate.m in Sources */,
				459C944F2509A109009000F9 /* CustomTableViewCell.swift in Sources */,
				345AD3612509756E00C68355 /* ModalViewController.swift in Sources */,
				05B3A2E024F84E7400016A78 /* main.m in Sources */,
				05B3A2D224F84E7200016A78 /* SceneDelegate.m in Sources */,
			);
			runOnlyForDeploymentPostprocessing = 0;
		};
		05B3A2E124F84E7400016A78 /* Sources */ = {
			isa = PBXSourcesBuildPhase;
			buildActionMask = 2147483647;
			files = (
				05B3A2EA24F84E7400016A78 /* lab1_weatherTests.m in Sources */,
			);
			runOnlyForDeploymentPostprocessing = 0;
		};
		05B3A2EC24F84E7400016A78 /* Sources */ = {
			isa = PBXSourcesBuildPhase;
			buildActionMask = 2147483647;
			files = (
				05B3A2F524F84E7400016A78 /* lab1_weatherUITests.m in Sources */,
			);
			runOnlyForDeploymentPostprocessing = 0;
		};
/* End PBXSourcesBuildPhase section */

/* Begin PBXTargetDependency section */
		05B3A2E724F84E7400016A78 /* PBXTargetDependency */ = {
			isa = PBXTargetDependency;
			target = 05B3A2C924F84E7200016A78 /* lab1_weather */;
			targetProxy = 05B3A2E624F84E7400016A78 /* PBXContainerItemProxy */;
		};
		05B3A2F224F84E7400016A78 /* PBXTargetDependency */ = {
			isa = PBXTargetDependency;
			target = 05B3A2C924F84E7200016A78 /* lab1_weather */;
			targetProxy = 05B3A2F124F84E7400016A78 /* PBXContainerItemProxy */;
		};
/* End PBXTargetDependency section */

/* Begin PBXVariantGroup section */
		05B3A2D624F84E7200016A78 /* Main.storyboard */ = {
			isa = PBXVariantGroup;
			children = (
				05B3A2D724F84E7200016A78 /* Base */,
			);
			name = Main.storyboard;
			sourceTree = "<group>";
		};
		05B3A2DB24F84E7400016A78 /* LaunchScreen.storyboard */ = {
			isa = PBXVariantGroup;
			children = (
				05B3A2DC24F84E7400016A78 /* Base */,
			);
			name = LaunchScreen.storyboard;
			sourceTree = "<group>";
		};
/* End PBXVariantGroup section */

/* Begin XCBuildConfiguration section */
		05B3A2F724F84E7400016A78 /* Debug */ = {
			isa = XCBuildConfiguration;
			buildSettings = {
				ALWAYS_SEARCH_USER_PATHS = NO;
				CLANG_ANALYZER_NONNULL = YES;
				CLANG_ANALYZER_NUMBER_OBJECT_CONVERSION = YES_AGGRESSIVE;
				CLANG_CXX_LANGUAGE_STANDARD = "gnu++14";
				CLANG_CXX_LIBRARY = "libc++";
				CLANG_ENABLE_MODULES = YES;
				CLANG_ENABLE_OBJC_ARC = YES;
				CLANG_ENABLE_OBJC_WEAK = YES;
				CLANG_WARN_BLOCK_CAPTURE_AUTORELEASING = YES;
				CLANG_WARN_BOOL_CONVERSION = YES;
				CLANG_WARN_COMMA = YES;
				CLANG_WARN_CONSTANT_CONVERSION = YES;
				CLANG_WARN_DEPRECATED_OBJC_IMPLEMENTATIONS = YES;
				CLANG_WARN_DIRECT_OBJC_ISA_USAGE = YES_ERROR;
				CLANG_WARN_DOCUMENTATION_COMMENTS = YES;
				CLANG_WARN_EMPTY_BODY = YES;
				CLANG_WARN_ENUM_CONVERSION = YES;
				CLANG_WARN_INFINITE_RECURSION = YES;
				CLANG_WARN_INT_CONVERSION = YES;
				CLANG_WARN_NON_LITERAL_NULL_CONVERSION = YES;
				CLANG_WARN_OBJC_IMPLICIT_RETAIN_SELF = YES;
				CLANG_WARN_OBJC_LITERAL_CONVERSION = YES;
				CLANG_WARN_OBJC_ROOT_CLASS = YES_ERROR;
				CLANG_WARN_RANGE_LOOP_ANALYSIS = YES;
				CLANG_WARN_STRICT_PROTOTYPES = YES;
				CLANG_WARN_SUSPICIOUS_MOVE = YES;
				CLANG_WARN_UNGUARDED_AVAILABILITY = YES_AGGRESSIVE;
				CLANG_WARN_UNREACHABLE_CODE = YES;
				CLANG_WARN__DUPLICATE_METHOD_MATCH = YES;
				COPY_PHASE_STRIP = NO;
				DEBUG_INFORMATION_FORMAT = dwarf;
				ENABLE_STRICT_OBJC_MSGSEND = YES;
				ENABLE_TESTABILITY = YES;
				GCC_C_LANGUAGE_STANDARD = gnu11;
				GCC_DYNAMIC_NO_PIC = NO;
				GCC_NO_COMMON_BLOCKS = YES;
				GCC_OPTIMIZATION_LEVEL = 0;
				GCC_PREPROCESSOR_DEFINITIONS = (
					"DEBUG=1",
					"$(inherited)",
				);
				GCC_WARN_64_TO_32_BIT_CONVERSION = YES;
				GCC_WARN_ABOUT_RETURN_TYPE = YES_ERROR;
				GCC_WARN_UNDECLARED_SELECTOR = YES;
				GCC_WARN_UNINITIALIZED_AUTOS = YES_AGGRESSIVE;
				GCC_WARN_UNUSED_FUNCTION = YES;
				GCC_WARN_UNUSED_VARIABLE = YES;
				IPHONEOS_DEPLOYMENT_TARGET = 13.6;
				MTL_ENABLE_DEBUG_INFO = INCLUDE_SOURCE;
				MTL_FAST_MATH = YES;
				ONLY_ACTIVE_ARCH = YES;
				SDKROOT = iphoneos;
			};
			name = Debug;
		};
		05B3A2F824F84E7400016A78 /* Release */ = {
			isa = XCBuildConfiguration;
			buildSettings = {
				ALWAYS_SEARCH_USER_PATHS = NO;
				CLANG_ANALYZER_NONNULL = YES;
				CLANG_ANALYZER_NUMBER_OBJECT_CONVERSION = YES_AGGRESSIVE;
				CLANG_CXX_LANGUAGE_STANDARD = "gnu++14";
				CLANG_CXX_LIBRARY = "libc++";
				CLANG_ENABLE_MODULES = YES;
				CLANG_ENABLE_OBJC_ARC = YES;
				CLANG_ENABLE_OBJC_WEAK = YES;
				CLANG_WARN_BLOCK_CAPTURE_AUTORELEASING = YES;
				CLANG_WARN_BOOL_CONVERSION = YES;
				CLANG_WARN_COMMA = YES;
				CLANG_WARN_CONSTANT_CONVERSION = YES;
				CLANG_WARN_DEPRECATED_OBJC_IMPLEMENTATIONS = YES;
				CLANG_WARN_DIRECT_OBJC_ISA_USAGE = YES_ERROR;
				CLANG_WARN_DOCUMENTATION_COMMENTS = YES;
				CLANG_WARN_EMPTY_BODY = YES;
				CLANG_WARN_ENUM_CONVERSION = YES;
				CLANG_WARN_INFINITE_RECURSION = YES;
				CLANG_WARN_INT_CONVERSION = YES;
				CLANG_WARN_NON_LITERAL_NULL_CONVERSION = YES;
				CLANG_WARN_OBJC_IMPLICIT_RETAIN_SELF = YES;
				CLANG_WARN_OBJC_LITERAL_CONVERSION = YES;
				CLANG_WARN_OBJC_ROOT_CLASS = YES_ERROR;
				CLANG_WARN_RANGE_LOOP_ANALYSIS = YES;
				CLANG_WARN_STRICT_PROTOTYPES = YES;
				CLANG_WARN_SUSPICIOUS_MOVE = YES;
				CLANG_WARN_UNGUARDED_AVAILABILITY = YES_AGGRESSIVE;
				CLANG_WARN_UNREACHABLE_CODE = YES;
				CLANG_WARN__DUPLICATE_METHOD_MATCH = YES;
				COPY_PHASE_STRIP = NO;
				DEBUG_INFORMATION_FORMAT = "dwarf-with-dsym";
				ENABLE_NS_ASSERTIONS = NO;
				ENABLE_STRICT_OBJC_MSGSEND = YES;
				GCC_C_LANGUAGE_STANDARD = gnu11;
				GCC_NO_COMMON_BLOCKS = YES;
				GCC_WARN_64_TO_32_BIT_CONVERSION = YES;
				GCC_WARN_ABOUT_RETURN_TYPE = YES_ERROR;
				GCC_WARN_UNDECLARED_SELECTOR = YES;
				GCC_WARN_UNINITIALIZED_AUTOS = YES_AGGRESSIVE;
				GCC_WARN_UNUSED_FUNCTION = YES;
				GCC_WARN_UNUSED_VARIABLE = YES;
				IPHONEOS_DEPLOYMENT_TARGET = 13.6;
				MTL_ENABLE_DEBUG_INFO = NO;
				MTL_FAST_MATH = YES;
				SDKROOT = iphoneos;
				VALIDATE_PRODUCT = YES;
			};
			name = Release;
		};
		05B3A2FA24F84E7400016A78 /* Debug */ = {
			isa = XCBuildConfiguration;
			buildSettings = {
				ASSETCATALOG_COMPILER_APPICON_NAME = AppIcon;
				CLANG_ENABLE_MODULES = YES;
				CODE_SIGN_STYLE = Automatic;
				INFOPLIST_FILE = lab1_weather/Info.plist;
				LD_RUNPATH_SEARCH_PATHS = (
					"$(inherited)",
					"@executable_path/Frameworks",
				);
				PRODUCT_BUNDLE_IDENTIFIER = "MS.lab1-weather";
				PRODUCT_NAME = "$(TARGET_NAME)";
				SWIFT_OBJC_BRIDGING_HEADER = "lab1_weather/lab1_weather-Bridging-Header.h";
				SWIFT_OPTIMIZATION_LEVEL = "-Onone";
				SWIFT_VERSION = 5.0;
				TARGETED_DEVICE_FAMILY = "1,2";
			};
			name = Debug;
		};
		05B3A2FB24F84E7400016A78 /* Release */ = {
			isa = XCBuildConfiguration;
			buildSettings = {
				ASSETCATALOG_COMPILER_APPICON_NAME = AppIcon;
				CLANG_ENABLE_MODULES = YES;
				CODE_SIGN_STYLE = Automatic;
				INFOPLIST_FILE = lab1_weather/Info.plist;
				LD_RUNPATH_SEARCH_PATHS = (
					"$(inherited)",
					"@executable_path/Frameworks",
				);
				PRODUCT_BUNDLE_IDENTIFIER = "MS.lab1-weather";
				PRODUCT_NAME = "$(TARGET_NAME)";
				SWIFT_OBJC_BRIDGING_HEADER = "lab1_weather/lab1_weather-Bridging-Header.h";
				SWIFT_VERSION = 5.0;
				TARGETED_DEVICE_FAMILY = "1,2";
			};
			name = Release;
		};
		05B3A2FD24F84E7400016A78 /* Debug */ = {
			isa = XCBuildConfiguration;
			buildSettings = {
				ALWAYS_EMBED_SWIFT_STANDARD_LIBRARIES = YES;
				BUNDLE_LOADER = "$(TEST_HOST)";
				CODE_SIGN_STYLE = Automatic;
				INFOPLIST_FILE = lab1_weatherTests/Info.plist;
				IPHONEOS_DEPLOYMENT_TARGET = 13.6;
				LD_RUNPATH_SEARCH_PATHS = (
					"$(inherited)",
					"@executable_path/Frameworks",
					"@loader_path/Frameworks",
				);
				PRODUCT_BUNDLE_IDENTIFIER = "MS.lab1-weatherTests";
				PRODUCT_NAME = "$(TARGET_NAME)";
				TARGETED_DEVICE_FAMILY = "1,2";
				TEST_HOST = "$(BUILT_PRODUCTS_DIR)/lab1_weather.app/lab1_weather";
			};
			name = Debug;
		};
		05B3A2FE24F84E7400016A78 /* Release */ = {
			isa = XCBuildConfiguration;
			buildSettings = {
				ALWAYS_EMBED_SWIFT_STANDARD_LIBRARIES = YES;
				BUNDLE_LOADER = "$(TEST_HOST)";
				CODE_SIGN_STYLE = Automatic;
				INFOPLIST_FILE = lab1_weatherTests/Info.plist;
				IPHONEOS_DEPLOYMENT_TARGET = 13.6;
				LD_RUNPATH_SEARCH_PATHS = (
					"$(inherited)",
					"@executable_path/Frameworks",
					"@loader_path/Frameworks",
				);
				PRODUCT_BUNDLE_IDENTIFIER = "MS.lab1-weatherTests";
				PRODUCT_NAME = "$(TARGET_NAME)";
				TARGETED_DEVICE_FAMILY = "1,2";
				TEST_HOST = "$(BUILT_PRODUCTS_DIR)/lab1_weather.app/lab1_weather";
			};
			name = Release;
		};
		05B3A30024F84E7400016A78 /* Debug */ = {
			isa = XCBuildConfiguration;
			buildSettings = {
				ALWAYS_EMBED_SWIFT_STANDARD_LIBRARIES = YES;
				CODE_SIGN_STYLE = Automatic;
				INFOPLIST_FILE = lab1_weatherUITests/Info.plist;
				LD_RUNPATH_SEARCH_PATHS = (
					"$(inherited)",
					"@executable_path/Frameworks",
					"@loader_path/Frameworks",
				);
				PRODUCT_BUNDLE_IDENTIFIER = "MS.lab1-weatherUITests";
				PRODUCT_NAME = "$(TARGET_NAME)";
				TARGETED_DEVICE_FAMILY = "1,2";
				TEST_TARGET_NAME = lab1_weather;
			};
			name = Debug;
		};
		05B3A30124F84E7400016A78 /* Release */ = {
			isa = XCBuildConfiguration;
			buildSettings = {
				ALWAYS_EMBED_SWIFT_STANDARD_LIBRARIES = YES;
				CODE_SIGN_STYLE = Automatic;
				INFOPLIST_FILE = lab1_weatherUITests/Info.plist;
				LD_RUNPATH_SEARCH_PATHS = (
					"$(inherited)",
					"@executable_path/Frameworks",
					"@loader_path/Frameworks",
				);
				PRODUCT_BUNDLE_IDENTIFIER = "MS.lab1-weatherUITests";
				PRODUCT_NAME = "$(TARGET_NAME)";
				TARGETED_DEVICE_FAMILY = "1,2";
				TEST_TARGET_NAME = lab1_weather;
			};
			name = Release;
		};
/* End XCBuildConfiguration section */

/* Begin XCConfigurationList section */
		05B3A2C524F84E7200016A78 /* Build configuration list for PBXProject "lab1_weather" */ = {
			isa = XCConfigurationList;
			buildConfigurations = (
				05B3A2F724F84E7400016A78 /* Debug */,
				05B3A2F824F84E7400016A78 /* Release */,
			);
			defaultConfigurationIsVisible = 0;
			defaultConfigurationName = Release;
		};
		05B3A2F924F84E7400016A78 /* Build configuration list for PBXNativeTarget "lab1_weather" */ = {
			isa = XCConfigurationList;
			buildConfigurations = (
				05B3A2FA24F84E7400016A78 /* Debug */,
				05B3A2FB24F84E7400016A78 /* Release */,
			);
			defaultConfigurationIsVisible = 0;
			defaultConfigurationName = Release;
		};
		05B3A2FC24F84E7400016A78 /* Build configuration list for PBXNativeTarget "lab1_weatherTests" */ = {
			isa = XCConfigurationList;
			buildConfigurations = (
				05B3A2FD24F84E7400016A78 /* Debug */,
				05B3A2FE24F84E7400016A78 /* Release */,
			);
			defaultConfigurationIsVisible = 0;
			defaultConfigurationName = Release;
		};
		05B3A2FF24F84E7400016A78 /* Build configuration list for PBXNativeTarget "lab1_weatherUITests" */ = {
			isa = XCConfigurationList;
			buildConfigurations = (
				05B3A30024F84E7400016A78 /* Debug */,
				05B3A30124F84E7400016A78 /* Release */,
			);
			defaultConfigurationIsVisible = 0;
			defaultConfigurationName = Release;
		};
/* End XCConfigurationList section */
	};
	rootObject = 05B3A2C224F84E7200016A78 /* Project object */;
}
